
Microsoft Visual Studio Solution File, Format Version 12.00
# Visual Studio Version 17
VisualStudioVersion = 17.4.33205.214
MinimumVisualStudioVersion = 10.0.40219.1
Project("{FAE04EC0-301F-11D3-BF4B-00C04F79EFBC}") = "DisconnectedStudent", "DisconnectedStudent\DisconnectedStudent.csproj", "{50F826D3-CEC2-4BCE-BC22-63B4412A257B}"
EndProject
Global
	GlobalSection(SolutionConfigurationPlatforms) = preSolution
		Debug|Any CPU = Debug|Any CPU
		Release|Any CPU = Release|Any CPU
	EndGlobalSection
	GlobalSection(ProjectConfigurationPlatforms) = postSolution
		{50F826D3-CEC2-4BCE-BC22-63B4412A257B}.Debug|Any CPU.ActiveCfg = Debug|Any CPU
		{50F826D3-CEC2-4BCE-BC22-63B4412A257B}.Debug|Any CPU.Build.0 = Debug|Any CPU
		{50F826D3-CEC2-4BCE-BC22-63B4412A257B}.Release|Any CPU.ActiveCfg = Release|Any CPU
		{50F826D3-CEC2-4BCE-BC22-63B4412A257B}.Release|Any CPU.Build.0 = Release|Any CPU
	EndGlobalSection
	GlobalSection(SolutionProperties) = preSolution
		HideSolutionNode = FALSE
	EndGlobalSection
	GlobalSection(ExtensibilityGlobals) = postSolution
		SolutionGuid = {3FC90A5E-6E55-4C6C-B559-2D7F8F16388B}
	EndGlobalSection
EndGlobal
